
Microsoft Visual Studio Solution File, Format Version 12.00
# Visual Studio 2017
Project("{FAE04EC0-301F-11D3-BF4B-00C04F79EFBC}") = "SuperHot 4.Plugins", "SuperHot 4.Plugins.csproj", "{F1ACDE62-F8F1-58D7-5754-BB2BB7910549}"
EndProject
Project("{FAE04EC0-301F-11D3-BF4B-00C04F79EFBC}") = "SuperHot 4", "SuperHot 4.csproj", "{07D2ABE7-A72A-4A3C-C9BA-388D2F720737}"
EndProject
Project("{FAE04EC0-301F-11D3-BF4B-00C04F79EFBC}") = "SuperHot 4.Editor.Plugins", "SuperHot 4.Editor.Plugins.csproj", "{0A59DF5A-D763-F307-3012-1CE3E8031240}"
EndProject
Global
	GlobalSection(SolutionConfigurationPlatforms) = preSolution
		Debug|Any CPU = Debug|Any CPU
		Release|Any CPU = Release|Any CPU
	EndGlobalSection
	GlobalSection(ProjectConfigurationPlatforms) = postSolution
		{F1ACDE62-F8F1-58D7-5754-BB2BB7910549}.Debug|Any CPU.ActiveCfg = Debug|Any CPU
		{F1ACDE62-F8F1-58D7-5754-BB2BB7910549}.Debug|Any CPU.Build.0 = Debug|Any CPU
		{F1ACDE62-F8F1-58D7-5754-BB2BB7910549}.Release|Any CPU.ActiveCfg = Release|Any CPU
		{F1ACDE62-F8F1-58D7-5754-BB2BB7910549}.Release|Any CPU.Build.0 = Release|Any CPU
		{07D2ABE7-A72A-4A3C-C9BA-388D2F720737}.Debug|Any CPU.ActiveCfg = Debug|Any CPU
		{07D2ABE7-A72A-4A3C-C9BA-388D2F720737}.Debug|Any CPU.Build.0 = Debug|Any CPU
		{07D2ABE7-A72A-4A3C-C9BA-388D2F720737}.Release|Any CPU.ActiveCfg = Release|Any CPU
		{07D2ABE7-A72A-4A3C-C9BA-388D2F720737}.Release|Any CPU.Build.0 = Release|Any CPU
		{0A59DF5A-D763-F307-3012-1CE3E8031240}.Debug|Any CPU.ActiveCfg = Debug|Any CPU
		{0A59DF5A-D763-F307-3012-1CE3E8031240}.Debug|Any CPU.Build.0 = Debug|Any CPU
		{0A59DF5A-D763-F307-3012-1CE3E8031240}.Release|Any CPU.ActiveCfg = Release|Any CPU
		{0A59DF5A-D763-F307-3012-1CE3E8031240}.Release|Any CPU.Build.0 = Release|Any CPU
	EndGlobalSection
	GlobalSection(SolutionProperties) = preSolution
		HideSolutionNode = FALSE
	EndGlobalSection
EndGlobal
